
Microsoft Visual Studio Solution File, Format Version 12.00
# Visual Studio Version 17
VisualStudioVersion = 17.13.35828.75 d17.13
MinimumVisualStudioVersion = 10.0.40219.1
Project("{FAE04EC0-301F-11D3-BF4B-00C04F79EFBC}") = "adventofcode_day1-1", "adventofcode_day1-1\adventofcode_day1-1.csproj", "{5F961CCC-F3F2-46D5-81B5-E145F0C9EE6F}"
EndProject
Global
	GlobalSection(SolutionConfigurationPlatforms) = preSolution
		Debug|Any CPU = Debug|Any CPU
		Release|Any CPU = Release|Any CPU
	EndGlobalSection
	GlobalSection(ProjectConfigurationPlatforms) = postSolution
		{5F961CCC-F3F2-46D5-81B5-E145F0C9EE6F}.Debug|Any CPU.ActiveCfg = Debug|Any CPU
		{5F961CCC-F3F2-46D5-81B5-E145F0C9EE6F}.Debug|Any CPU.Build.0 = Debug|Any CPU
		{5F961CCC-F3F2-46D5-81B5-E145F0C9EE6F}.Release|Any CPU.ActiveCfg = Release|Any CPU
		{5F961CCC-F3F2-46D5-81B5-E145F0C9EE6F}.Release|Any CPU.Build.0 = Release|Any CPU
	EndGlobalSection
	GlobalSection(SolutionProperties) = preSolution
		HideSolutionNode = FALSE
	EndGlobalSection
	GlobalSection(ExtensibilityGlobals) = postSolution
		SolutionGuid = {76A766D9-997F-46A8-BF98-530756F2F86F}
	EndGlobalSection
EndGlobal
